{
    "version": 3,
    "terraform_version": "0.11.8",
    "serial": 2,
    "lineage": "76c3cdb8-5274-0961-04f5-fa9db4fc77c1",
    "modules": [
        {
            "path": [
                "root"
            ],
            "outputs": {},
            "resources": {},
            "depends_on": []
        },
        {
            "path": [
                "root",
                "container"
            ],
            "outputs": {},
            "resources": {
                "docker_container.jenkins": {
                    "type": "docker_container",
                    "depends_on": [],
                    "primary": {
                        "id": "eea1a9d29689b5093c5558b76a85fa1243de7a786564cb1f505c59084803a830",
                        "attributes": {
                            "bridge": "",
                            "gateway": "172.17.0.1",
                            "id": "eea1a9d29689b5093c5558b76a85fa1243de7a786564cb1f505c59084803a830",
                            "image": "sha256:2ad007d332533e8fe0fed1ee9b0053d7d09787de7e90886778421b20e3189d68",
                            "ip_address": "172.17.0.2",
                            "ip_prefix_length": "16",
                            "log_driver": "json-file",
                            "must_run": "true",
                            "name": "cicd_prod",
                            "ports.#": "1",
                            "ports.2983816782.external": "80",
                            "ports.2983816782.internal": "5000",
                            "ports.2983816782.ip": "",
                            "ports.2983816782.protocol": "tcp",
                            "restart": "no"
                        },
                        "meta": {},
                        "tainted": false
                    },
                    "deposed": [],
                    "provider": "provider.docker"
                }
            },
            "depends_on": []
        },
        {
            "path": [
                "root",
                "image"
            ],
            "outputs": {
                "image_out": {
                    "sensitive": false,
                    "type": "string",
                    "value": "sha256:2ad007d332533e8fe0fed1ee9b0053d7d09787de7e90886778421b20e3189d68"
                }
            },
            "resources": {
                "docker_image.image_id": {
                    "type": "docker_image",
                    "depends_on": [],
                    "primary": {
                        "id": "sha256:2ad007d332533e8fe0fed1ee9b0053d7d09787de7e90886778421b20e3189d68jenkins:alpine",
                        "attributes": {
                            "id": "sha256:2ad007d332533e8fe0fed1ee9b0053d7d09787de7e90886778421b20e3189d68jenkins:alpine",
                            "latest": "sha256:2ad007d332533e8fe0fed1ee9b0053d7d09787de7e90886778421b20e3189d68",
                            "name": "jenkins:alpine"
                        },
                        "meta": {},
                        "tainted": false
                    },
                    "deposed": [],
                    "provider": "provider.docker"
                }
            },
            "depends_on": []
        }
    ]
}
